// !$*UTF8*$!
{
	archiveVersion = 1;
	classes = {
	};
	objectVersion = 46;
	objects = {

/* Begin PBXBuildFile section */
		D17DA4051CBD4082005223E7 /* paletteView.swift in Sources */ = {isa = PBXBuildFile; fileRef = D17DA4041CBD4082005223E7 /* paletteView.swift */; };
		D17DA4071CBD408A005223E7 /* Palette.xib in Resources */ = {isa = PBXBuildFile; fileRef = D17DA4061CBD408A005223E7 /* Palette.xib */; };
		D17DA4111CBD412E005223E7 /* black.png in Resources */ = {isa = PBXBuildFile; fileRef = D17DA4091CBD412E005223E7 /* black.png */; };
		D17DA4121CBD412E005223E7 /* blue.png in Resources */ = {isa = PBXBuildFile; fileRef = D17DA40A1CBD412E005223E7 /* blue.png */; };
		D17DA4131CBD412E005223E7 /* green.png in Resources */ = {isa = PBXBuildFile; fileRef = D17DA40B1CBD412E005223E7 /* green.png */; };
		D17DA4141CBD412E005223E7 /* lightblue.png in Resources */ = {isa = PBXBuildFile; fileRef = D17DA40C1CBD412E005223E7 /* lightblue.png */; };
		D17DA4151CBD412E005223E7 /* orange.png in Resources */ = {isa = PBXBuildFile; fileRef = D17DA40D1CBD412E005223E7 /* orange.png */; };
		D17DA4161CBD412E005223E7 /* purple.png in Resources */ = {isa = PBXBuildFile; fileRef = D17DA40E1CBD412E005223E7 /* purple.png */; };
		D17DA4171CBD412E005223E7 /* red.png in Resources */ = {isa = PBXBuildFile; fileRef = D17DA40F1CBD412E005223E7 /* red.png */; };
		D17DA4181CBD412E005223E7 /* yelow.png in Resources */ = {isa = PBXBuildFile; fileRef = D17DA4101CBD412E005223E7 /* yelow.png */; };
		D1B0D5D91CB8F13800109F75 /* AppDelegate.swift in Sources */ = {isa = PBXBuildFile; fileRef = D1B0D5D81CB8F13800109F75 /* AppDelegate.swift */; };
		D1B0D5DB1CB8F13800109F75 /* ViewController.swift in Sources */ = {isa = PBXBuildFile; fileRef = D1B0D5DA1CB8F13800109F75 /* ViewController.swift */; };
		D1B0D5DE1CB8F13800109F75 /* Main.storyboard in Resources */ = {isa = PBXBuildFile; fileRef = D1B0D5DC1CB8F13800109F75 /* Main.storyboard */; };
		D1B0D5E11CB8F13800109F75 /* esperanza.xcdatamodeld in Sources */ = {isa = PBXBuildFile; fileRef = D1B0D5DF1CB8F13800109F75 /* esperanza.xcdatamodeld */; };
		D1B0D5E31CB8F13800109F75 /* Assets.xcassets in Resources */ = {isa = PBXBuildFile; fileRef = D1B0D5E21CB8F13800109F75 /* Assets.xcassets */; };
		D1B0D5E61CB8F13800109F75 /* LaunchScreen.storyboard in Resources */ = {isa = PBXBuildFile; fileRef = D1B0D5E41CB8F13800109F75 /* LaunchScreen.storyboard */; };
		D1B0D5F21CB9045700109F75 /* CanvasView.xib in Resources */ = {isa = PBXBuildFile; fileRef = D1B0D5F11CB9045700109F75 /* CanvasView.xib */; };
		D1B0D5FA1CB9343100109F75 /* ACEDrawingTools.m in Sources */ = {isa = PBXBuildFile; fileRef = D1B0D5F71CB9343100109F75 /* ACEDrawingTools.m */; };
		D1B0D5FB1CB9343100109F75 /* ACEDrawingView.m in Sources */ = {isa = PBXBuildFile; fileRef = D1B0D5F91CB9343100109F75 /* ACEDrawingView.m */; };
		D1B0D5FD1CB93DB000109F75 /* DrawViewController.swift in Sources */ = {isa = PBXBuildFile; fileRef = D1B0D5FC1CB93DB000109F75 /* DrawViewController.swift */; };
/* End PBXBuildFile section */

/* Begin PBXFileReference section */
		D17DA4041CBD4082005223E7 /* paletteView.swift */ = {isa = PBXFileReference; fileEncoding = 4; lastKnownFileType = sourcecode.swift; path = paletteView.swift; sourceTree = "<group>"; };
		D17DA4061CBD408A005223E7 /* Palette.xib */ = {isa = PBXFileReference; fileEncoding = 4; lastKnownFileType = file.xib; path = Palette.xib; sourceTree = "<group>"; };
		D17DA4091CBD412E005223E7 /* black.png */ = {isa = PBXFileReference; lastKnownFileType = image.png; name = black.png; path = image/black.png; sourceTree = "<group>"; };
		D17DA40A1CBD412E005223E7 /* blue.png */ = {isa = PBXFileReference; lastKnownFileType = image.png; name = blue.png; path = image/blue.png; sourceTree = "<group>"; };
		D17DA40B1CBD412E005223E7 /* green.png */ = {isa = PBXFileReference; lastKnownFileType = image.png; name = green.png; path = image/green.png; sourceTree = "<group>"; };
		D17DA40C1CBD412E005223E7 /* lightblue.png */ = {isa = PBXFileReference; lastKnownFileType = image.png; name = lightblue.png; path = image/lightblue.png; sourceTree = "<group>"; };
		D17DA40D1CBD412E005223E7 /* orange.png */ = {isa = PBXFileReference; lastKnownFileType = image.png; name = orange.png; path = image/orange.png; sourceTree = "<group>"; };
		D17DA40E1CBD412E005223E7 /* purple.png */ = {isa = PBXFileReference; lastKnownFileType = image.png; name = purple.png; path = image/purple.png; sourceTree = "<group>"; };
		D17DA40F1CBD412E005223E7 /* red.png */ = {isa = PBXFileReference; lastKnownFileType = image.png; name = red.png; path = image/red.png; sourceTree = "<group>"; };
		D17DA4101CBD412E005223E7 /* yelow.png */ = {isa = PBXFileReference; lastKnownFileType = image.png; name = yelow.png; path = image/yelow.png; sourceTree = "<group>"; };
		D1B0D5D51CB8F13800109F75 /* esperanza.app */ = {isa = PBXFileReference; explicitFileType = wrapper.application; includeInIndex = 0; path = esperanza.app; sourceTree = BUILT_PRODUCTS_DIR; };
		D1B0D5D81CB8F13800109F75 /* AppDelegate.swift */ = {isa = PBXFileReference; lastKnownFileType = sourcecode.swift; path = AppDelegate.swift; sourceTree = "<group>"; };
		D1B0D5DA1CB8F13800109F75 /* ViewController.swift */ = {isa = PBXFileReference; lastKnownFileType = sourcecode.swift; path = ViewController.swift; sourceTree = "<group>"; };
		D1B0D5DD1CB8F13800109F75 /* Base */ = {isa = PBXFileReference; lastKnownFileType = file.storyboard; name = Base; path = Base.lproj/Main.storyboard; sourceTree = "<group>"; };
		D1B0D5E01CB8F13800109F75 /* esperanza.xcdatamodel */ = {isa = PBXFileReference; lastKnownFileType = wrapper.xcdatamodel; path = esperanza.xcdatamodel; sourceTree = "<group>"; };
		D1B0D5E21CB8F13800109F75 /* Assets.xcassets */ = {isa = PBXFileReference; lastKnownFileType = folder.assetcatalog; path = Assets.xcassets; sourceTree = "<group>"; };
		D1B0D5E51CB8F13800109F75 /* Base */ = {isa = PBXFileReference; lastKnownFileType = file.storyboard; name = Base; path = Base.lproj/LaunchScreen.storyboard; sourceTree = "<group>"; };
		D1B0D5E71CB8F13800109F75 /* Info.plist */ = {isa = PBXFileReference; lastKnownFileType = text.plist.xml; path = Info.plist; sourceTree = "<group>"; };
		D1B0D5F11CB9045700109F75 /* CanvasView.xib */ = {isa = PBXFileReference; fileEncoding = 4; lastKnownFileType = file.xib; path = CanvasView.xib; sourceTree = "<group>"; };
		D1B0D5F51CB9343000109F75 /* esperanza-Bridging-Header.h */ = {isa = PBXFileReference; lastKnownFileType = sourcecode.c.h; path = "esperanza-Bridging-Header.h"; sourceTree = "<group>"; };
		D1B0D5F61CB9343100109F75 /* ACEDrawingTools.h */ = {isa = PBXFileReference; fileEncoding = 4; lastKnownFileType = sourcecode.c.h; path = ACEDrawingTools.h; sourceTree = "<group>"; };
		D1B0D5F71CB9343100109F75 /* ACEDrawingTools.m */ = {isa = PBXFileReference; fileEncoding = 4; lastKnownFileType = sourcecode.c.objc; path = ACEDrawingTools.m; sourceTree = "<group>"; };
		D1B0D5F81CB9343100109F75 /* ACEDrawingView.h */ = {isa = PBXFileReference; fileEncoding = 4; lastKnownFileType = sourcecode.c.h; path = ACEDrawingView.h; sourceTree = "<group>"; };
		D1B0D5F91CB9343100109F75 /* ACEDrawingView.m */ = {isa = PBXFileReference; fileEncoding = 4; lastKnownFileType = sourcecode.c.objc; path = ACEDrawingView.m; sourceTree = "<group>"; };
		D1B0D5FC1CB93DB000109F75 /* DrawViewController.swift */ = {isa = PBXFileReference; fileEncoding = 4; lastKnownFileType = sourcecode.swift; path = DrawViewController.swift; sourceTree = "<group>"; };
/* End PBXFileReference section */

/* Begin PBXFrameworksBuildPhase section */
		D1B0D5D21CB8F13800109F75 /* Frameworks */ = {
			isa = PBXFrameworksBuildPhase;
			buildActionMask = 2147483647;
			files = (
			);
			runOnlyForDeploymentPostprocessing = 0;
		};
/* End PBXFrameworksBuildPhase section */

/* Begin PBXGroup section */
		D17DA4081CBD4111005223E7 /* images */ = {
			isa = PBXGroup;
			children = (
				D17DA4091CBD412E005223E7 /* black.png */,
				D17DA40A1CBD412E005223E7 /* blue.png */,
				D17DA40B1CBD412E005223E7 /* green.png */,
				D17DA40C1CBD412E005223E7 /* lightblue.png */,
				D17DA40D1CBD412E005223E7 /* orange.png */,
				D17DA40E1CBD412E005223E7 /* purple.png */,
				D17DA40F1CBD412E005223E7 /* red.png */,
				D17DA4101CBD412E005223E7 /* yelow.png */,
			);
			name = images;
			sourceTree = "<group>";
		};
		D1B0D5CC1CB8F13800109F75 = {
			isa = PBXGroup;
			children = (
				D1B0D5D71CB8F13800109F75 /* esperanza */,
				D1B0D5D61CB8F13800109F75 /* Products */,
			);
			sourceTree = "<group>";
		};
		D1B0D5D61CB8F13800109F75 /* Products */ = {
			isa = PBXGroup;
			children = (
				D1B0D5D51CB8F13800109F75 /* esperanza.app */,
			);
			name = Products;
			sourceTree = "<group>";
		};
		D1B0D5D71CB8F13800109F75 /* esperanza */ = {
			isa = PBXGroup;
			children = (
				D17DA4081CBD4111005223E7 /* images */,
				D1B0D5F31CB9331D00109F75 /* Freamwork */,
				D1B0D5D81CB8F13800109F75 /* AppDelegate.swift */,
				D1B0D5DA1CB8F13800109F75 /* ViewController.swift */,
				D1B0D5FC1CB93DB000109F75 /* DrawViewController.swift */,
				D17DA4041CBD4082005223E7 /* paletteView.swift */,
				D1B0D5DC1CB8F13800109F75 /* Main.storyboard */,
				D1B0D5F11CB9045700109F75 /* CanvasView.xib */,
				D17DA4061CBD408A005223E7 /* Palette.xib */,
				D1B0D5E21CB8F13800109F75 /* Assets.xcassets */,
				D1B0D5E41CB8F13800109F75 /* LaunchScreen.storyboard */,
				D1B0D5E71CB8F13800109F75 /* Info.plist */,
				D1B0D5DF1CB8F13800109F75 /* esperanza.xcdatamodeld */,
			);
			path = esperanza;
			sourceTree = "<group>";
		};
		D1B0D5F31CB9331D00109F75 /* Freamwork */ = {
			isa = PBXGroup;
			children = (
				D1B0D5F41CB9333F00109F75 /* ACEDrawingView */,
			);
			name = Freamwork;
			sourceTree = "<group>";
		};
		D1B0D5F41CB9333F00109F75 /* ACEDrawingView */ = {
			isa = PBXGroup;
			children = (
				D1B0D5F61CB9343100109F75 /* ACEDrawingTools.h */,
				D1B0D5F71CB9343100109F75 /* ACEDrawingTools.m */,
				D1B0D5F81CB9343100109F75 /* ACEDrawingView.h */,
				D1B0D5F91CB9343100109F75 /* ACEDrawingView.m */,
				D1B0D5F51CB9343000109F75 /* esperanza-Bridging-Header.h */,
			);
			name = ACEDrawingView;
			sourceTree = "<group>";
		};
/* End PBXGroup section */

/* Begin PBXNativeTarget section */
		D1B0D5D41CB8F13800109F75 /* esperanza */ = {
			isa = PBXNativeTarget;
			buildConfigurationList = D1B0D5EA1CB8F13800109F75 /* Build configuration list for PBXNativeTarget "esperanza" */;
			buildPhases = (
				D1B0D5D11CB8F13800109F75 /* Sources */,
				D1B0D5D21CB8F13800109F75 /* Frameworks */,
				D1B0D5D31CB8F13800109F75 /* Resources */,
			);
			buildRules = (
			);
			dependencies = (
			);
			name = esperanza;
			productName = esperanza;
			productReference = D1B0D5D51CB8F13800109F75 /* esperanza.app */;
			productType = "com.apple.product-type.application";
		};
/* End PBXNativeTarget section */

/* Begin PBXProject section */
		D1B0D5CD1CB8F13800109F75 /* Project object */ = {
			isa = PBXProject;
			attributes = {
				LastSwiftUpdateCheck = 0720;
				LastUpgradeCheck = 0720;
				ORGANIZATIONNAME = tokonatsutan;
				TargetAttributes = {
					D1B0D5D41CB8F13800109F75 = {
						CreatedOnToolsVersion = 7.2;
						DevelopmentTeam = 8MWWY9XV8Z;
					};
				};
			};
			buildConfigurationList = D1B0D5D01CB8F13800109F75 /* Build configuration list for PBXProject "esperanza" */;
			compatibilityVersion = "Xcode 3.2";
			developmentRegion = English;
			hasScannedForEncodings = 0;
			knownRegions = (
				en,
				Base,
			);
			mainGroup = D1B0D5CC1CB8F13800109F75;
			productRefGroup = D1B0D5D61CB8F13800109F75 /* Products */;
			projectDirPath = "";
			projectRoot = "";
			targets = (
				D1B0D5D41CB8F13800109F75 /* esperanza */,
			);
		};
/* End PBXProject section */

/* Begin PBXResourcesBuildPhase section */
		D1B0D5D31CB8F13800109F75 /* Resources */ = {
			isa = PBXResourcesBuildPhase;
			buildActionMask = 2147483647;
			files = (
				D17DA4161CBD412E005223E7 /* purple.png in Resources */,
				D1B0D5E61CB8F13800109F75 /* LaunchScreen.storyboard in Resources */,
				D17DA4141CBD412E005223E7 /* lightblue.png in Resources */,
				D1B0D5E31CB8F13800109F75 /* Assets.xcassets in Resources */,
				D17DA4181CBD412E005223E7 /* yelow.png in Resources */,
				D17DA4151CBD412E005223E7 /* orange.png in Resources */,
				D1B0D5F21CB9045700109F75 /* CanvasView.xib in Resources */,
				D1B0D5DE1CB8F13800109F75 /* Main.storyboard in Resources */,
				D17DA4071CBD408A005223E7 /* Palette.xib in Resources */,
				D17DA4131CBD412E005223E7 /* green.png in Resources */,
				D17DA4171CBD412E005223E7 /* red.png in Resources */,
				D17DA4121CBD412E005223E7 /* blue.png in Resources */,
				D17DA4111CBD412E005223E7 /* black.png in Resources */,
			);
			runOnlyForDeploymentPostprocessing = 0;
		};
/* End PBXResourcesBuildPhase section */

/* Begin PBXSourcesBuildPhase section */
		D1B0D5D11CB8F13800109F75 /* Sources */ = {
			isa = PBXSourcesBuildPhase;
			buildActionMask = 2147483647;
			files = (
				D17DA4051CBD4082005223E7 /* paletteView.swift in Sources */,
				D1B0D5FD1CB93DB000109F75 /* DrawViewController.swift in Sources */,
				D1B0D5FB1CB9343100109F75 /* ACEDrawingView.m in Sources */,
				D1B0D5FA1CB9343100109F75 /* ACEDrawingTools.m in Sources */,
				D1B0D5DB1CB8F13800109F75 /* ViewController.swift in Sources */,
				D1B0D5D91CB8F13800109F75 /* AppDelegate.swift in Sources */,
				D1B0D5E11CB8F13800109F75 /* esperanza.xcdatamodeld in Sources */,
			);
			runOnlyForDeploymentPostprocessing = 0;
		};
/* End PBXSourcesBuildPhase section */

/* Begin PBXVariantGroup section */
		D1B0D5DC1CB8F13800109F75 /* Main.storyboard */ = {
			isa = PBXVariantGroup;
			children = (
				D1B0D5DD1CB8F13800109F75 /* Base */,
			);
			name = Main.storyboard;
			sourceTree = "<group>";
		};
		D1B0D5E41CB8F13800109F75 /* LaunchScreen.storyboard */ = {
			isa = PBXVariantGroup;
			children = (
				D1B0D5E51CB8F13800109F75 /* Base */,
			);
			name = LaunchScreen.storyboard;
			sourceTree = "<group>";
		};
/* End PBXVariantGroup section */

/* Begin XCBuildConfiguration section */
		D1B0D5E81CB8F13800109F75 /* Debug */ = {
			isa = XCBuildConfiguration;
			buildSettings = {
				ALWAYS_SEARCH_USER_PATHS = NO;
				CLANG_CXX_LANGUAGE_STANDARD = "gnu++0x";
				CLANG_CXX_LIBRARY = "libc++";
				CLANG_ENABLE_MODULES = YES;
				CLANG_ENABLE_OBJC_ARC = YES;
				CLANG_WARN_BOOL_CONVERSION = YES;
				CLANG_WARN_CONSTANT_CONVERSION = YES;
				CLANG_WARN_DIRECT_OBJC_ISA_USAGE = YES_ERROR;
				CLANG_WARN_EMPTY_BODY = YES;
				CLANG_WARN_ENUM_CONVERSION = YES;
				CLANG_WARN_INT_CONVERSION = YES;
				CLANG_WARN_OBJC_ROOT_CLASS = YES_ERROR;
				CLANG_WARN_UNREACHABLE_CODE = YES;
				CLANG_WARN__DUPLICATE_METHOD_MATCH = YES;
				"CODE_SIGN_IDENTITY[sdk=iphoneos*]" = "iPhone Developer";
				COPY_PHASE_STRIP = NO;
				DEBUG_INFORMATION_FORMAT = dwarf;
				ENABLE_STRICT_OBJC_MSGSEND = YES;
				ENABLE_TESTABILITY = YES;
				GCC_C_LANGUAGE_STANDARD = gnu99;
				GCC_DYNAMIC_NO_PIC = NO;
				GCC_NO_COMMON_BLOCKS = YES;
				GCC_OPTIMIZATION_LEVEL = 0;
				GCC_PREPROCESSOR_DEFINITIONS = (
					"DEBUG=1",
					"$(inherited)",
				);
				GCC_WARN_64_TO_32_BIT_CONVERSION = YES;
				GCC_WARN_ABOUT_RETURN_TYPE = YES_ERROR;
				GCC_WARN_UNDECLARED_SELECTOR = YES;
				GCC_WARN_UNINITIALIZED_AUTOS = YES_AGGRESSIVE;
				GCC_WARN_UNUSED_FUNCTION = YES;
				GCC_WARN_UNUSED_VARIABLE = YES;
				IPHONEOS_DEPLOYMENT_TARGET = 9.2;
				MTL_ENABLE_DEBUG_INFO = YES;
				ONLY_ACTIVE_ARCH = YES;
				SDKROOT = iphoneos;
				SWIFT_OPTIMIZATION_LEVEL = "-Onone";
				TARGETED_DEVICE_FAMILY = "1,2";
			};
			name = Debug;
		};
		D1B0D5E91CB8F13800109F75 /* Release */ = {
			isa = XCBuildConfiguration;
			buildSettings = {
				ALWAYS_SEARCH_USER_PATHS = NO;
				CLANG_CXX_LANGUAGE_STANDARD = "gnu++0x";
				CLANG_CXX_LIBRARY = "libc++";
				CLANG_ENABLE_MODULES = YES;
				CLANG_ENABLE_OBJC_ARC = YES;
				CLANG_WARN_BOOL_CONVERSION = YES;
				CLANG_WARN_CONSTANT_CONVERSION = YES;
				CLANG_WARN_DIRECT_OBJC_ISA_USAGE = YES_ERROR;
				CLANG_WARN_EMPTY_BODY = YES;
				CLANG_WARN_ENUM_CONVERSION = YES;
				CLANG_WARN_INT_CONVERSION = YES;
				CLANG_WARN_OBJC_ROOT_CLASS = YES_ERROR;
				CLANG_WARN_UNREACHABLE_CODE = YES;
				CLANG_WARN__DUPLICATE_METHOD_MATCH = YES;
				"CODE_SIGN_IDENTITY[sdk=iphoneos*]" = "iPhone Developer";
				COPY_PHASE_STRIP = NO;
				DEBUG_INFORMATION_FORMAT = "dwarf-with-dsym";
				ENABLE_NS_ASSERTIONS = NO;
				ENABLE_STRICT_OBJC_MSGSEND = YES;
				GCC_C_LANGUAGE_STANDARD = gnu99;
				GCC_NO_COMMON_BLOCKS = YES;
				GCC_WARN_64_TO_32_BIT_CONVERSION = YES;
				GCC_WARN_ABOUT_RETURN_TYPE = YES_ERROR;
				GCC_WARN_UNDECLARED_SELECTOR = YES;
				GCC_WARN_UNINITIALIZED_AUTOS = YES_AGGRESSIVE;
				GCC_WARN_UNUSED_FUNCTION = YES;
				GCC_WARN_UNUSED_VARIABLE = YES;
				IPHONEOS_DEPLOYMENT_TARGET = 9.2;
				MTL_ENABLE_DEBUG_INFO = NO;
				SDKROOT = iphoneos;
				TARGETED_DEVICE_FAMILY = "1,2";
				VALIDATE_PRODUCT = YES;
			};
			name = Release;
		};
		D1B0D5EB1CB8F13800109F75 /* Debug */ = {
			isa = XCBuildConfiguration;
			buildSettings = {
				ASSETCATALOG_COMPILER_APPICON_NAME = AppIcon;
				CLANG_ENABLE_MODULES = YES;
				INFOPLIST_FILE = esperanza/Info.plist;
				LD_RUNPATH_SEARCH_PATHS = "$(inherited) @executable_path/Frameworks";
				PRODUCT_BUNDLE_IDENTIFIER = com.xxx.esperanza;
				PRODUCT_NAME = "$(TARGET_NAME)";
				SWIFT_OBJC_BRIDGING_HEADER = "esperanza/esperanza-Bridging-Header.h";
				SWIFT_OPTIMIZATION_LEVEL = "-Onone";
			};
			name = Debug;
		};
		D1B0D5EC1CB8F13800109F75 /* Release */ = {
			isa = XCBuildConfiguration;
			buildSettings = {
				ASSETCATALOG_COMPILER_APPICON_NAME = AppIcon;
				CLANG_ENABLE_MODULES = YES;
				INFOPLIST_FILE = esperanza/Info.plist;
				LD_RUNPATH_SEARCH_PATHS = "$(inherited) @executable_path/Frameworks";
				PRODUCT_BUNDLE_IDENTIFIER = com.xxx.esperanza;
				PRODUCT_NAME = "$(TARGET_NAME)";
				SWIFT_OBJC_BRIDGING_HEADER = "esperanza/esperanza-Bridging-Header.h";
			};
			name = Release;
		};
/* End XCBuildConfiguration section */

/* Begin XCConfigurationList section */
		D1B0D5D01CB8F13800109F75 /* Build configuration list for PBXProject "esperanza" */ = {
			isa = XCConfigurationList;
			buildConfigurations = (
				D1B0D5E81CB8F13800109F75 /* Debug */,
				D1B0D5E91CB8F13800109F75 /* Release */,
			);
			defaultConfigurationIsVisible = 0;
			defaultConfigurationName = Release;
		};
		D1B0D5EA1CB8F13800109F75 /* Build configuration list for PBXNativeTarget "esperanza" */ = {
			isa = XCConfigurationList;
			buildConfigurations = (
				D1B0D5EB1CB8F13800109F75 /* Debug */,
				D1B0D5EC1CB8F13800109F75 /* Release */,
			);
			defaultConfigurationIsVisible = 0;
			defaultConfigurationName = Release;
		};
/* End XCConfigurationList section */

/* Begin XCVersionGroup section */
		D1B0D5DF1CB8F13800109F75 /* esperanza.xcdatamodeld */ = {
			isa = XCVersionGroup;
			children = (
				D1B0D5E01CB8F13800109F75 /* esperanza.xcdatamodel */,
			);
			currentVersion = D1B0D5E01CB8F13800109F75 /* esperanza.xcdatamodel */;
			path = esperanza.xcdatamodeld;
			sourceTree = "<group>";
			versionGroupType = wrapper.xcdatamodel;
		};
/* End XCVersionGroup section */
	};
	rootObject = D1B0D5CD1CB8F13800109F75 /* Project object */;
}
